
Microsoft Visual Studio Solution File, Format Version 12.00
# Visual Studio 15
VisualStudioVersion = 15.0.27703.2042
MinimumVisualStudioVersion = 10.0.40219.1
Project("{FAE04EC0-301F-11D3-BF4B-00C04F79EFBC}") = "App2.Android", "App2\App2.Android\App2.Android.csproj", "{F2D075A4-AA7F-449E-BEC5-29235E77C9B9}"
EndProject
Project("{FAE04EC0-301F-11D3-BF4B-00C04F79EFBC}") = "App2.iOS", "App2\App2.iOS\App2.iOS.csproj", "{A4864882-92E7-4E33-AEEC-B666C5A13D68}"
EndProject
Project("{FAE04EC0-301F-11D3-BF4B-00C04F79EFBC}") = "App2", "App2\App2\App2.csproj", "{5DA7ED96-E9F4-4AA3-A991-59328697B6F4}"
EndProject
Global
	GlobalSection(SolutionConfigurationPlatforms) = preSolution
		Ad-Hoc|Any CPU = Ad-Hoc|Any CPU
		Ad-Hoc|iPhone = Ad-Hoc|iPhone
		Ad-Hoc|iPhoneSimulator = Ad-Hoc|iPhoneSimulator
		AppStore|Any CPU = AppStore|Any CPU
		AppStore|iPhone = AppStore|iPhone
		AppStore|iPhoneSimulator = AppStore|iPhoneSimulator
		Debug|Any CPU = Debug|Any CPU
		Debug|iPhone = Debug|iPhone
		Debug|iPhoneSimulator = Debug|iPhoneSimulator
		Release|Any CPU = Release|Any CPU
		Release|iPhone = Release|iPhone
		Release|iPhoneSimulator = Release|iPhoneSimulator
	EndGlobalSection
	GlobalSection(ProjectConfigurationPlatforms) = postSolution
		{F2D075A4-AA7F-449E-BEC5-29235E77C9B9}.Ad-Hoc|Any CPU.ActiveCfg = Release|Any CPU
		{F2D075A4-AA7F-449E-BEC5-29235E77C9B9}.Ad-Hoc|Any CPU.Build.0 = Release|Any CPU
		{F2D075A4-AA7F-449E-BEC5-29235E77C9B9}.Ad-Hoc|Any CPU.Deploy.0 = Release|Any CPU
		{F2D075A4-AA7F-449E-BEC5-29235E77C9B9}.Ad-Hoc|iPhone.ActiveCfg = Release|Any CPU
		{F2D075A4-AA7F-449E-BEC5-29235E77C9B9}.Ad-Hoc|iPhone.Build.0 = Release|Any CPU
		{F2D075A4-AA7F-449E-BEC5-29235E77C9B9}.Ad-Hoc|iPhone.Deploy.0 = Release|Any CPU
		{F2D075A4-AA7F-449E-BEC5-29235E77C9B9}.Ad-Hoc|iPhoneSimulator.ActiveCfg = Release|Any CPU
		{F2D075A4-AA7F-449E-BEC5-29235E77C9B9}.Ad-Hoc|iPhoneSimulator.Build.0 = Release|Any CPU
		{F2D075A4-AA7F-449E-BEC5-29235E77C9B9}.Ad-Hoc|iPhoneSimulator.Deploy.0 = Release|Any CPU
		{F2D075A4-AA7F-449E-BEC5-29235E77C9B9}.AppStore|Any CPU.ActiveCfg = Release|Any CPU
		{F2D075A4-AA7F-449E-BEC5-29235E77C9B9}.AppStore|Any CPU.Build.0 = Release|Any CPU
		{F2D075A4-AA7F-449E-BEC5-29235E77C9B9}.AppStore|Any CPU.Deploy.0 = Release|Any CPU
		{F2D075A4-AA7F-449E-BEC5-29235E77C9B9}.AppStore|iPhone.ActiveCfg = Release|Any CPU
		{F2D075A4-AA7F-449E-BEC5-29235E77C9B9}.AppStore|iPhone.Build.0 = Release|Any CPU
		{F2D075A4-AA7F-449E-BEC5-29235E77C9B9}.AppStore|iPhone.Deploy.0 = Release|Any CPU
		{F2D075A4-AA7F-449E-BEC5-29235E77C9B9}.AppStore|iPhoneSimulator.ActiveCfg = Release|Any CPU
		{F2D075A4-AA7F-449E-BEC5-29235E77C9B9}.AppStore|iPhoneSimulator.Build.0 = Release|Any CPU
		{F2D075A4-AA7F-449E-BEC5-29235E77C9B9}.AppStore|iPhoneSimulator.Deploy.0 = Release|Any CPU
		{F2D075A4-AA7F-449E-BEC5-29235E77C9B9}.Debug|Any CPU.ActiveCfg = Debug|Any CPU
		{F2D075A4-AA7F-449E-BEC5-29235E77C9B9}.Debug|Any CPU.Build.0 = Debug|Any CPU
		{F2D075A4-AA7F-449E-BEC5-29235E77C9B9}.Debug|Any CPU.Deploy.0 = Debug|Any CPU
		{F2D075A4-AA7F-449E-BEC5-29235E77C9B9}.Debug|iPhone.ActiveCfg = Debug|Any CPU
		{F2D075A4-AA7F-449E-BEC5-29235E77C9B9}.Debug|iPhone.Build.0 = Debug|Any CPU
		{F2D075A4-AA7F-449E-BEC5-29235E77C9B9}.Debug|iPhone.Deploy.0 = Debug|Any CPU
		{F2D075A4-AA7F-449E-BEC5-29235E77C9B9}.Debug|iPhoneSimulator.ActiveCfg = Debug|Any CPU
		{F2D075A4-AA7F-449E-BEC5-29235E77C9B9}.Debug|iPhoneSimulator.Build.0 = Debug|Any CPU
		{F2D075A4-AA7F-449E-BEC5-29235E77C9B9}.Debug|iPhoneSimulator.Deploy.0 = Debug|Any CPU
		{F2D075A4-AA7F-449E-BEC5-29235E77C9B9}.Release|Any CPU.ActiveCfg = Release|Any CPU
		{F2D075A4-AA7F-449E-BEC5-29235E77C9B9}.Release|Any CPU.Build.0 = Release|Any CPU
		{F2D075A4-AA7F-449E-BEC5-29235E77C9B9}.Release|Any CPU.Deploy.0 = Release|Any CPU
		{F2D075A4-AA7F-449E-BEC5-29235E77C9B9}.Release|iPhone.ActiveCfg = Release|Any CPU
		{F2D075A4-AA7F-449E-BEC5-29235E77C9B9}.Release|iPhone.Build.0 = Release|Any CPU
		{F2D075A4-AA7F-449E-BEC5-29235E77C9B9}.Release|iPhone.Deploy.0 = Release|Any CPU
		{F2D075A4-AA7F-449E-BEC5-29235E77C9B9}.Release|iPhoneSimulator.ActiveCfg = Release|Any CPU
		{F2D075A4-AA7F-449E-BEC5-29235E77C9B9}.Release|iPhoneSimulator.Build.0 = Release|Any CPU
		{F2D075A4-AA7F-449E-BEC5-29235E77C9B9}.Release|iPhoneSimulator.Deploy.0 = Release|Any CPU
		{A4864882-92E7-4E33-AEEC-B666C5A13D68}.Ad-Hoc|Any CPU.ActiveCfg = Ad-Hoc|iPhone
		{A4864882-92E7-4E33-AEEC-B666C5A13D68}.Ad-Hoc|Any CPU.Build.0 = Ad-Hoc|iPhone
		{A4864882-92E7-4E33-AEEC-B666C5A13D68}.Ad-Hoc|Any CPU.Deploy.0 = Ad-Hoc|iPhone
		{A4864882-92E7-4E33-AEEC-B666C5A13D68}.Ad-Hoc|iPhone.ActiveCfg = Ad-Hoc|iPhone
		{A4864882-92E7-4E33-AEEC-B666C5A13D68}.Ad-Hoc|iPhone.Build.0 = Ad-Hoc|iPhone
		{A4864882-92E7-4E33-AEEC-B666C5A13D68}.Ad-Hoc|iPhone.Deploy.0 = Ad-Hoc|iPhone
		{A4864882-92E7-4E33-AEEC-B666C5A13D68}.Ad-Hoc|iPhoneSimulator.ActiveCfg = Ad-Hoc|iPhoneSimulator
		{A4864882-92E7-4E33-AEEC-B666C5A13D68}.Ad-Hoc|iPhoneSimulator.Build.0 = Ad-Hoc|iPhoneSimulator
		{A4864882-92E7-4E33-AEEC-B666C5A13D68}.Ad-Hoc|iPhoneSimulator.Deploy.0 = Ad-Hoc|iPhoneSimulator
		{A4864882-92E7-4E33-AEEC-B666C5A13D68}.AppStore|Any CPU.ActiveCfg = AppStore|iPhone
		{A4864882-92E7-4E33-AEEC-B666C5A13D68}.AppStore|Any CPU.Build.0 = AppStore|iPhone
		{A4864882-92E7-4E33-AEEC-B666C5A13D68}.AppStore|Any CPU.Deploy.0 = AppStore|iPhone
		{A4864882-92E7-4E33-AEEC-B666C5A13D68}.AppStore|iPhone.ActiveCfg = AppStore|iPhone
		{A4864882-92E7-4E33-AEEC-B666C5A13D68}.AppStore|iPhone.Build.0 = AppStore|iPhone
		{A4864882-92E7-4E33-AEEC-B666C5A13D68}.AppStore|iPhone.Deploy.0 = AppStore|iPhone
		{A4864882-92E7-4E33-AEEC-B666C5A13D68}.AppStore|iPhoneSimulator.ActiveCfg = AppStore|iPhoneSimulator
		{A4864882-92E7-4E33-AEEC-B666C5A13D68}.AppStore|iPhoneSimulator.Build.0 = AppStore|iPhoneSimulator
		{A4864882-92E7-4E33-AEEC-B666C5A13D68}.AppStore|iPhoneSimulator.Deploy.0 = AppStore|iPhoneSimulator
		{A4864882-92E7-4E33-AEEC-B666C5A13D68}.Debug|Any CPU.ActiveCfg = Debug|iPhoneSimulator
		{A4864882-92E7-4E33-AEEC-B666C5A13D68}.Debug|Any CPU.Build.0 = Debug|iPhoneSimulator
		{A4864882-92E7-4E33-AEEC-B666C5A13D68}.Debug|Any CPU.Deploy.0 = Debug|iPhoneSimulator
		{A4864882-92E7-4E33-AEEC-B666C5A13D68}.Debug|iPhone.ActiveCfg = Debug|iPhone
		{A4864882-92E7-4E33-AEEC-B666C5A13D68}.Debug|iPhone.Build.0 = Debug|iPhone
		{A4864882-92E7-4E33-AEEC-B666C5A13D68}.Debug|iPhone.Deploy.0 = Debug|iPhone
		{A4864882-92E7-4E33-AEEC-B666C5A13D68}.Debug|iPhoneSimulator.ActiveCfg = Debug|iPhoneSimulator
		{A4864882-92E7-4E33-AEEC-B666C5A13D68}.Debug|iPhoneSimulator.Build.0 = Debug|iPhoneSimulator
		{A4864882-92E7-4E33-AEEC-B666C5A13D68}.Debug|iPhoneSimulator.Deploy.0 = Debug|iPhoneSimulator
		{A4864882-92E7-4E33-AEEC-B666C5A13D68}.Release|Any CPU.ActiveCfg = Release|iPhone
		{A4864882-92E7-4E33-AEEC-B666C5A13D68}.Release|Any CPU.Build.0 = Release|iPhone
		{A4864882-92E7-4E33-AEEC-B666C5A13D68}.Release|Any CPU.Deploy.0 = Release|iPhone
		{A4864882-92E7-4E33-AEEC-B666C5A13D68}.Release|iPhone.ActiveCfg = Release|iPhone
		{A4864882-92E7-4E33-AEEC-B666C5A13D68}.Release|iPhone.Build.0 = Release|iPhone
		{A4864882-92E7-4E33-AEEC-B666C5A13D68}.Release|iPhone.Deploy.0 = Release|iPhone
		{A4864882-92E7-4E33-AEEC-B666C5A13D68}.Release|iPhoneSimulator.ActiveCfg = Release|iPhoneSimulator
		{A4864882-92E7-4E33-AEEC-B666C5A13D68}.Release|iPhoneSimulator.Build.0 = Release|iPhoneSimulator
		{A4864882-92E7-4E33-AEEC-B666C5A13D68}.Release|iPhoneSimulator.Deploy.0 = Release|iPhoneSimulator
		{5DA7ED96-E9F4-4AA3-A991-59328697B6F4}.Ad-Hoc|Any CPU.ActiveCfg = Debug|Any CPU
		{5DA7ED96-E9F4-4AA3-A991-59328697B6F4}.Ad-Hoc|Any CPU.Build.0 = Debug|Any CPU
		{5DA7ED96-E9F4-4AA3-A991-59328697B6F4}.Ad-Hoc|Any CPU.Deploy.0 = Debug|Any CPU
		{5DA7ED96-E9F4-4AA3-A991-59328697B6F4}.Ad-Hoc|iPhone.ActiveCfg = Debug|Any CPU
		{5DA7ED96-E9F4-4AA3-A991-59328697B6F4}.Ad-Hoc|iPhone.Build.0 = Debug|Any CPU
		{5DA7ED96-E9F4-4AA3-A991-59328697B6F4}.Ad-Hoc|iPhone.Deploy.0 = Debug|Any CPU
		{5DA7ED96-E9F4-4AA3-A991-59328697B6F4}.Ad-Hoc|iPhoneSimulator.ActiveCfg = Debug|Any CPU
		{5DA7ED96-E9F4-4AA3-A991-59328697B6F4}.Ad-Hoc|iPhoneSimulator.Build.0 = Debug|Any CPU
		{5DA7ED96-E9F4-4AA3-A991-59328697B6F4}.Ad-Hoc|iPhoneSimulator.Deploy.0 = Debug|Any CPU
		{5DA7ED96-E9F4-4AA3-A991-59328697B6F4}.AppStore|Any CPU.ActiveCfg = Debug|Any CPU
		{5DA7ED96-E9F4-4AA3-A991-59328697B6F4}.AppStore|Any CPU.Build.0 = Debug|Any CPU
		{5DA7ED96-E9F4-4AA3-A991-59328697B6F4}.AppStore|Any CPU.Deploy.0 = Debug|Any CPU
		{5DA7ED96-E9F4-4AA3-A991-59328697B6F4}.AppStore|iPhone.ActiveCfg = Debug|Any CPU
		{5DA7ED96-E9F4-4AA3-A991-59328697B6F4}.AppStore|iPhone.Build.0 = Debug|Any CPU
		{5DA7ED96-E9F4-4AA3-A991-59328697B6F4}.AppStore|iPhone.Deploy.0 = Debug|Any CPU
		{5DA7ED96-E9F4-4AA3-A991-59328697B6F4}.AppStore|iPhoneSimulator.ActiveCfg = Debug|Any CPU
		{5DA7ED96-E9F4-4AA3-A991-59328697B6F4}.AppStore|iPhoneSimulator.Build.0 = Debug|Any CPU
		{5DA7ED96-E9F4-4AA3-A991-59328697B6F4}.AppStore|iPhoneSimulator.Deploy.0 = Debug|Any CPU
		{5DA7ED96-E9F4-4AA3-A991-59328697B6F4}.Debug|Any CPU.ActiveCfg = Debug|Any CPU
		{5DA7ED96-E9F4-4AA3-A991-59328697B6F4}.Debug|Any CPU.Build.0 = Debug|Any CPU
		{5DA7ED96-E9F4-4AA3-A991-59328697B6F4}.Debug|Any CPU.Deploy.0 = Debug|Any CPU
		{5DA7ED96-E9F4-4AA3-A991-59328697B6F4}.Debug|iPhone.ActiveCfg = Debug|Any CPU
		{5DA7ED96-E9F4-4AA3-A991-59328697B6F4}.Debug|iPhone.Build.0 = Debug|Any CPU
		{5DA7ED96-E9F4-4AA3-A991-59328697B6F4}.Debug|iPhone.Deploy.0 = Debug|Any CPU
		{5DA7ED96-E9F4-4AA3-A991-59328697B6F4}.Debug|iPhoneSimulator.ActiveCfg = Debug|Any CPU
		{5DA7ED96-E9F4-4AA3-A991-59328697B6F4}.Debug|iPhoneSimulator.Build.0 = Debug|Any CPU
		{5DA7ED96-E9F4-4AA3-A991-59328697B6F4}.Debug|iPhoneSimulator.Deploy.0 = Debug|Any CPU
		{5DA7ED96-E9F4-4AA3-A991-59328697B6F4}.Release|Any CPU.ActiveCfg = Release|Any CPU
		{5DA7ED96-E9F4-4AA3-A991-59328697B6F4}.Release|Any CPU.Build.0 = Release|Any CPU
		{5DA7ED96-E9F4-4AA3-A991-59328697B6F4}.Release|Any CPU.Deploy.0 = Release|Any CPU
		{5DA7ED96-E9F4-4AA3-A991-59328697B6F4}.Release|iPhone.ActiveCfg = Release|Any CPU
		{5DA7ED96-E9F4-4AA3-A991-59328697B6F4}.Release|iPhone.Build.0 = Release|Any CPU
		{5DA7ED96-E9F4-4AA3-A991-59328697B6F4}.Release|iPhone.Deploy.0 = Release|Any CPU
		{5DA7ED96-E9F4-4AA3-A991-59328697B6F4}.Release|iPhoneSimulator.ActiveCfg = Release|Any CPU
		{5DA7ED96-E9F4-4AA3-A991-59328697B6F4}.Release|iPhoneSimulator.Build.0 = Release|Any CPU
		{5DA7ED96-E9F4-4AA3-A991-59328697B6F4}.Release|iPhoneSimulator.Deploy.0 = Release|Any CPU
	EndGlobalSection
	GlobalSection(SolutionProperties) = preSolution
		HideSolutionNode = FALSE
	EndGlobalSection
	GlobalSection(ExtensibilityGlobals) = postSolution
		SolutionGuid = {EFCD429C-2C09-41CF-912C-32A98BDE819D}
	EndGlobalSection
EndGlobal
